{
    "_readme": [
        "This file locks the dependencies of your project to a known state",
        "Read more about it at https://getcomposer.org/doc/01-basic-usage.md#composer-lock-the-lock-file",
        "This file is @generated automatically"
    ],
    "content-hash": "c2aa25b005ed6e9371199f90fa93d6d9",
    "packages": [
        {
            "name": "donatj/phpuseragentparser",
            "version": "v0.9.0",
            "source": {
                "type": "git",
                "url": "https://github.com/donatj/PhpUserAgent.git",
                "reference": "ea79de6a18e52285e62cd75cf1cebe276ecaf503"
            },
            "dist": {
                "type": "zip",
                "url": "https://api.github.com/repos/donatj/PhpUserAgent/zipball/ea79de6a18e52285e62cd75cf1cebe276ecaf503",
                "reference": "ea79de6a18e52285e62cd75cf1cebe276ecaf503",
                "shasum": ""
            },
            "require": {
                "php": ">=5.3.0"
            },
            "require-dev": {
                "camspiers/json-pretty": "0.1.*",
                "donatj/drop": "*",
                "phpunit/phpunit": "~4.8"
            },
            "type": "library",
            "autoload": {
                "files": [
                    "Source/UserAgentParser.php"
                ]
            },
            "notification-url": "https://packagist.org/downloads/",
            "license": [
                "MIT"
            ],
            "authors": [
                {
                    "name": "Jesse G. Donat",
                    "email": "donatj@gmail.com",
                    "homepage": "http://donatstudios.com",
                    "role": "Developer"
                }
            ],
            "description": "Simple, streamlined PHP user-agent parser",
            "homepage": "http://donatstudios.com/PHP-Parser-HTTP_USER_AGENT",
            "keywords": [
                "browser",
                "browser detection",
                "parser",
                "user agent",
                "useragent"
            ],
            "time": "2017-10-23T16:52:52+00:00"
        },
        {
            "name": "maslosoft/addendum",
            "version": "5.0.18",
            "source": {
                "type": "git",
                "url": "https://github.com/Maslosoft/Addendum.git",
                "reference": "e821640a64d59819eb5d35b0d423c309c4bbbee6"
            },
            "dist": {
                "type": "zip",
                "url": "https://api.github.com/repos/Maslosoft/Addendum/zipball/e821640a64d59819eb5d35b0d423c309c4bbbee6",
                "reference": "e821640a64d59819eb5d35b0d423c309c4bbbee6",
                "shasum": ""
            },
            "require": {
                "maslosoft/cache": "*",
                "maslosoft/cli-shared": "*",
                "maslosoft/embedi": "*",
                "maslosoft/gazebo": "*",
                "maslosoft/signals": "*",
                "php": ">=5.5.0",
                "psr/log": "~1"
            },
            "require-dev": {
                "codeception/codeception": "*",
                "codeception/specify": "^0",
                "maslosoft/hedron": "*",
                "maslosoft/zamm": "*"
            },
            "suggest": {
                "monolog/monolog": "Sends your logs to files, sockets, inboxes, databases and various web services"
            },
            "type": "library",
            "autoload": {
                "psr-4": {
                    "Maslosoft\\Addendum\\": "src"
                }
            },
            "notification-url": "https://packagist.org/downloads/",
            "license": [
                "AGPL",
                "Commercial"
            ],
            "authors": [
                {
                    "name": "Peter Maselkowski",
                    "email": "peter@maslosoft.com",
                    "homepage": "https://maslosoft.com",
                    "role": "Developer"
                }
            ],
            "description": "Powerful and easy to use PHP annotations",
            "homepage": "https://maslosoft.com/addendum/",
            "keywords": [
                "addendum",
                "annotation",
                "annotations",
                "metadata",
                "php"
            ],
            "time": "2018-01-18T16:02:41+00:00"
        },
        {
            "name": "maslosoft/cache",
            "version": "1.0.11",
            "source": {
                "type": "git",
                "url": "https://github.com/Maslosoft/Cache.git",
                "reference": "2a6d57710a99a1ffa2e252314a10e3237bb609a2"
            },
            "dist": {
                "type": "zip",
                "url": "https://api.github.com/repos/Maslosoft/Cache/zipball/2a6d57710a99a1ffa2e252314a10e3237bb609a2",
                "reference": "2a6d57710a99a1ffa2e252314a10e3237bb609a2",
                "shasum": ""
            },
            "require": {
                "maslosoft/embedi": "*"
            },
            "require-dev": {
                "maslosoft/cachetest": "dev-master",
                "maslosoft/hedron": "^1"
            },
            "type": "library",
            "autoload": {
                "psr-4": {
                    "Maslosoft\\Cache\\": "src"
                }
            },
            "notification-url": "https://packagist.org/downloads/",
            "license": [
                "AGPL",
                "Commercial"
            ],
            "authors": [
                {
                    "name": "Peter Maselkowski",
                    "email": "pmaselkowski@gmail.com"
                }
            ],
            "description": "Easy to use, auto configurable, extensible cache provider",
            "homepage": "https://maslosoft.com/cache/",
            "time": "2017-11-19T22:25:52+00:00"
        },
        {
            "name": "maslosoft/cli-shared",
            "version": "0.0.21",
            "source": {
                "type": "git",
                "url": "https://github.com/Maslosoft/CLIShared.git",
                "reference": "1bc79e118eba4366470fa25479041626cdf5858f"
            },
            "dist": {
                "type": "zip",
                "url": "https://api.github.com/repos/Maslosoft/CLIShared/zipball/1bc79e118eba4366470fa25479041626cdf5858f",
                "reference": "1bc79e118eba4366470fa25479041626cdf5858f",
                "shasum": ""
            },
            "require": {
                "psr/log": "^1",
                "symfony/finder": ">=2.7 <5.0",
                "symfony/yaml": ">=2.7 <5.0"
            },
            "require-dev": {
                "maslosoft/hedron": "*"
            },
            "type": "library",
            "autoload": {
                "psr-4": {
                    "Maslosoft\\Cli\\Shared\\": "src"
                }
            },
            "notification-url": "https://packagist.org/downloads/",
            "license": [
                "AGPL",
                "Commercial"
            ],
            "authors": [
                {
                    "name": "Peter Maselkowski",
                    "email": "pmaselkowski@gmail.com"
                }
            ],
            "description": "Shared CLI application components",
            "time": "2017-12-19T18:17:37+00:00"
        },
        {
            "name": "maslosoft/embedi",
            "version": "1.1.1",
            "source": {
                "type": "git",
                "url": "https://github.com/Maslosoft/EmbeDi.git",
                "reference": "093bf25421887f4e33280cea2a14cc8fc9dc85fb"
            },
            "dist": {
                "type": "zip",
                "url": "https://api.github.com/repos/Maslosoft/EmbeDi/zipball/093bf25421887f4e33280cea2a14cc8fc9dc85fb",
                "reference": "093bf25421887f4e33280cea2a14cc8fc9dc85fb",
                "shasum": ""
            },
            "require-dev": {
                "maslosoft/embeditest": "dev-master",
                "maslosoft/hedron": "~1",
                "maslosoft/zamm": "dev-master"
            },
            "type": "library",
            "autoload": {
                "psr-4": {
                    "Maslosoft\\EmbeDi\\": "src/"
                }
            },
            "notification-url": "https://packagist.org/downloads/",
            "license": [
                "AGPL",
                "Commercial"
            ],
            "authors": [
                {
                    "name": "Peter Maselkowski",
                    "email": "pmaselkowski@gmail.com",
                    "homepage": "http://maslosoft.com",
                    "role": "Developer"
                }
            ],
            "description": "Embedded DI container",
            "homepage": "https://maslosoft.com/embedi/",
            "time": "2017-05-11T11:25:33+00:00"
        },
        {
            "name": "maslosoft/gazebo",
            "version": "1.1.10",
            "source": {
                "type": "git",
                "url": "https://github.com/Maslosoft/Gazebo.git",
                "reference": "52fac115f308d5f6598b0a51514c86d5e2cb249c"
            },
            "dist": {
                "type": "zip",
                "url": "https://api.github.com/repos/Maslosoft/Gazebo/zipball/52fac115f308d5f6598b0a51514c86d5e2cb249c",
                "reference": "52fac115f308d5f6598b0a51514c86d5e2cb249c",
                "shasum": ""
            },
            "require": {
                "maslosoft/addendum": "*",
                "maslosoft/embedi": "*"
            },
            "require-dev": {
                "maslosoft/gazebotest": "dev-master",
                "maslosoft/hedron": "*"
            },
            "type": "library",
            "autoload": {
                "psr-4": {
                    "Maslosoft\\Gazebo\\": "src"
                }
            },
            "notification-url": "https://packagist.org/downloads/",
            "license": [
                "AGPL",
                "Commercial"
            ],
            "authors": [
                {
                    "name": "Peter Maselkowski",
                    "email": "pmaselkowski@gmail.com"
                }
            ],
            "description": "Plugin container",
            "homepage": "https://maslosoft.com/gazebo/",
            "time": "2017-04-06T21:08:56+00:00"
        },
        {
            "name": "maslosoft/mangan",
            "version": "4.5.3",
            "source": {
                "type": "git",
                "url": "https://github.com/Maslosoft/Mangan.git",
                "reference": "c37d7b8b519a6be10b6bb0083c7bb805ee5ed8ce"
            },
            "dist": {
                "type": "zip",
                "url": "https://api.github.com/repos/Maslosoft/Mangan/zipball/c37d7b8b519a6be10b6bb0083c7bb805ee5ed8ce",
                "reference": "c37d7b8b519a6be10b6bb0083c7bb805ee5ed8ce",
                "shasum": ""
            },
            "require": {
                "ext-gd": "*",
                "maslosoft/addendum": "*",
                "maslosoft/embedi": "*",
                "maslosoft/gazebo": "*",
                "maslosoft/miniview": "*",
                "maslosoft/mongofill": "*",
                "maslosoft/signals": "*",
                "masterexploder/phpthumb": "^2",
                "psr/log": "^1",
                "symfony/yaml": ">=2.7 <5.0"
            },
            "require-dev": {
                "codeception/codeception": "*",
                "codeception/specify": "*",
                "ext-curl": "*",
                "maslosoft/hedron": "*",
                "maslosoft/mangan-examples": "*",
                "maslosoft/zamm": "*"
            },
            "suggest": {
                "endroid/qrcode": "Generate QR Codes",
                "khanamiryan/qrcode-detector-decoder": "Decode QR Codes",
                "mongofill/mongofill": "Polyfill of PECL Mongo extension. Required for PHP7",
                "monolog/monolog": "Sends your logs to files, sockets, inboxes, databases and various web services",
                "ptachoire/php-dmtx": "Generate DataMatrix Codes"
            },
            "type": "library",
            "autoload": {
                "psr-4": {
                    "Maslosoft\\Mangan\\": "src/",
                    "Maslosoft\\ManganTest\\Extensions\\": "tests/extensions/"
                }
            },
            "notification-url": "https://packagist.org/downloads/",
            "license": [
                "AGPL",
                "Commercial"
            ],
            "authors": [
                {
                    "name": "Ianaré Sévi",
                    "role": "Developer"
                },
                {
                    "name": "Dariusz Górecki",
                    "email": "darek.krk@gmail.com",
                    "role": "Developer"
                },
                {
                    "name": "Invenzzia Group",
                    "homepage": "http://www.invenzzia.org",
                    "role": "Developer"
                },
                {
                    "name": "Philippe Gaultier",
                    "email": "pgaultier@ibitux.com",
                    "role": "Developer"
                },
                {
                    "name": "Ibitux",
                    "homepage": "http://www.ibitux.com",
                    "role": "Developer"
                },
                {
                    "name": "CleverIT",
                    "homepage": "http://www.cleverit.com.pl",
                    "role": "Developrt"
                },
                {
                    "name": "Florian Fackler",
                    "email": "florian.fackler@mintao.com",
                    "homepage": "http://mintao.com"
                },
                {
                    "name": "Peter Maselkowski",
                    "email": "peter@maslosoft.com",
                    "homepage": "https://maslosoft.com",
                    "role": "Developer"
                }
            ],
            "description": "MongoDB Object Document Mapper (ODM)",
            "homepage": "https://maslosoft.com/mangan/",
            "keywords": [
                "mangan",
                "mongodb",
                "odm",
                "orm",
                "persister",
                "php"
            ],
            "time": "2018-01-23T14:49:01+00:00"
        },
        {
            "name": "maslosoft/miniview",
            "version": "1.1.1",
            "source": {
                "type": "git",
                "url": "https://github.com/Maslosoft/MiniView.git",
                "reference": "78c1be3a8676698cbc23d23bce0d05c18ccb2d55"
            },
            "dist": {
                "type": "zip",
                "url": "https://api.github.com/repos/Maslosoft/MiniView/zipball/78c1be3a8676698cbc23d23bce0d05c18ccb2d55",
                "reference": "78c1be3a8676698cbc23d23bce0d05c18ccb2d55",
                "shasum": ""
            },
            "require-dev": {
                "codeception/codeception": "*",
                "maslosoft/hedron": "~1"
            },
            "suggest": {
                "latte/latte": "Use tatte templates",
                "twig/twig": "Use twig templates"
            },
            "type": "library",
            "autoload": {
                "psr-4": {
                    "Maslosoft\\MiniView\\": "src/"
                }
            },
            "notification-url": "https://packagist.org/downloads/",
            "license": [
                "AGPL",
                "Commercial"
            ],
            "authors": [
                {
                    "name": "Peter Maselkowski",
                    "email": "pmaselkowski@gmail.com"
                }
            ],
            "description": "Mini view is minimal template rendering library based on Yii controller renderer",
            "homepage": "https://maslosoft.com/miniview/",
            "time": "2017-02-16T07:45:53+00:00"
        },
        {
            "name": "maslosoft/mongofill",
            "version": "0.0.3",
            "source": {
                "type": "git",
                "url": "https://github.com/Maslosoft/mongofill.git",
                "reference": "0020b1c3ef54fbbc84f077063b4556b2eaafb2f4"
            },
            "dist": {
                "type": "zip",
                "url": "https://api.github.com/repos/Maslosoft/mongofill/zipball/0020b1c3ef54fbbc84f077063b4556b2eaafb2f4",
                "reference": "0020b1c3ef54fbbc84f077063b4556b2eaafb2f4",
                "shasum": ""
            },
            "provide": {
                "ext-mongo": "*"
            },
            "require-dev": {
                "athletic/athletic": "dev-master",
                "phpunit/phpunit": "~4.7.7"
            },
            "type": "library",
            "autoload": {
                "classmap": [
                    {
                        "Mongofill": "src/"
                    },
                    {
                        "Mongo": "src/Mongo.php"
                    },
                    {
                        "MongoBinData": "src/MongoBinData.php"
                    },
                    {
                        "MongoClient": "src/MongoClient.php"
                    },
                    {
                        "MongoCode": "src/MongoCode.php"
                    },
                    {
                        "MongoCollection": "src/MongoCollection.php"
                    },
                    {
                        "MongoConnectionException": "src/MongoConnectionException.php"
                    },
                    {
                        "MongoCursor": "src/MongoCursor.php"
                    },
                    {
                        "MongoCursorException": "src/MongoCursorException.php"
                    },
                    {
                        "MongoCursorTimeoutException": "src/MongoCursorTimeoutException.php"
                    },
                    {
                        "MongoDB": "src/MongoDB.php"
                    },
                    {
                        "MongoDBRef": "src/MongoDBRef.php"
                    },
                    {
                        "MongoDate": "src/MongoDate.php"
                    },
                    {
                        "MongoException": "src/MongoException.php"
                    },
                    {
                        "MongoGridFS": "src/MongoGridFS.php"
                    },
                    {
                        "MongoGridFSFile": "src/MongoGridFSFile.php"
                    },
                    {
                        "MongoGridFSException": "src/MongoGridFSException.php"
                    },
                    {
                        "MongoGridFSCursor": "src/MongoGridFSCursor.php"
                    },
                    {
                        "MongoId": "src/MongoId.php"
                    },
                    {
                        "MongoInt32": "src/MongoInt32.php"
                    },
                    {
                        "MongoInt64": "src/MongoInt64.php"
                    },
                    {
                        "MongoLog": "src/MongoLog.php"
                    },
                    {
                        "MongoMaxKey": "src/MongoMaxKey.php"
                    },
                    {
                        "MongoMinKey": "src/MongoMinKey.php"
                    },
                    {
                        "MongoRegex": "src/MongoRegex.php"
                    },
                    {
                        "MongoResultException": "src/MongoResultException.php"
                    },
                    {
                        "MongoTimestamp": "src/MongoTimestamp.php"
                    }
                ],
                "files": [
                    "src/functions.php"
                ]
            },
            "notification-url": "https://packagist.org/downloads/",
            "license": [
                "MIT"
            ],
            "authors": [
                {
                    "name": "Jakub Husák",
                    "email": "husak.j@gmail.com"
                },
                {
                    "name": "Mongofill Community",
                    "homepage": "https://github.com/mongofill/mongofill/graphs/contributors"
                },
                {
                    "name": "Máximo Cuadros",
                    "email": "mcuadros@gmail.com"
                }
            ],
            "description": "Polyfill of PECL Mongo extension",
            "time": "2016-03-09T14:12:38+00:00"
        },
        {
            "name": "maslosoft/signals",
            "version": "2.0.17",
            "source": {
                "type": "git",
                "url": "https://github.com/Maslosoft/Signals.git",
                "reference": "421df6b6ded9f0e5223b63d2ae3f7a8b5ff31be1"
            },
            "dist": {
                "type": "zip",
                "url": "https://api.github.com/repos/Maslosoft/Signals/zipball/421df6b6ded9f0e5223b63d2ae3f7a8b5ff31be1",
                "reference": "421df6b6ded9f0e5223b63d2ae3f7a8b5ff31be1",
                "shasum": ""
            },
            "require": {
                "maslosoft/addendum": "*",
                "maslosoft/cli-shared": "*",
                "maslosoft/embedi": "*",
                "psr/log": "^1",
                "symfony/console": ">=2.7 <5.0"
            },
            "require-dev": {
                "codeception/codeception": "*",
                "codeception/specify": "*",
                "maslosoft/hedron": "*",
                "maslosoft/zamm": "*"
            },
            "bin": [
                "signals"
            ],
            "type": "library",
            "autoload": {
                "psr-4": {
                    "Maslosoft\\Signals\\": "src",
                    "Maslosoft\\SignalsExamples\\": "examples",
                    "Maslosoft\\SignalsTest\\Extensions\\": "tests/extensions"
                }
            },
            "notification-url": "https://packagist.org/downloads/",
            "license": [
                "AGPL",
                "Commercial"
            ],
            "authors": [
                {
                    "name": "Peter Maselkowski",
                    "email": "pmaselkowski@gmail.com",
                    "homepage": "http://maslosoft.com",
                    "role": "Developer"
                }
            ],
            "description": "Wireless Cross-Component Communication",
            "homepage": "https://maslosoft.com/signals/",
            "keywords": [
                "event",
                "events",
                "signal",
                "signals",
                "slot",
                "slots"
            ],
            "time": "2018-01-11T18:02:41+00:00"
        },
        {
            "name": "masterexploder/phpthumb",
            "version": "2.1",
            "source": {
                "type": "git",
                "url": "https://github.com/masterexploder/PHPThumb.git",
                "reference": "01f6aa65aa3d136e175f67da2b4ea3e316770d02"
            },
            "dist": {
                "type": "zip",
                "url": "https://api.github.com/repos/masterexploder/PHPThumb/zipball/01f6aa65aa3d136e175f67da2b4ea3e316770d02",
                "reference": "01f6aa65aa3d136e175f67da2b4ea3e316770d02",
                "shasum": ""
            },
            "require": {
                "php": ">=5.3.0"
            },
            "type": "library",
            "autoload": {
                "psr-0": {
                    "PHPThumb": "src",
                    "PHPThumb\\Tests": "tests"
                }
            },
            "notification-url": "https://packagist.org/downloads/",
            "license": [
                "MIT"
            ],
            "authors": [
                {
                    "name": "Jarrod Nettles",
                    "email": "jarrod.nettles@icloud.com"
                },
                {
                    "name": "Ian Selby",
                    "email": "ian@gxdlabs.com"
                }
            ],
            "description": "A library for manipulating images in PHP.",
            "homepage": "https://github.com/masterexploder/PHPThumb",
            "keywords": [
                "image",
                "resize",
                "rotate"
            ],
            "time": "2015-09-08T22:55:44+00:00"
        },
        {
            "name": "psr/log",
            "version": "1.0.2",
            "source": {
                "type": "git",
                "url": "https://github.com/php-fig/log.git",
                "reference": "4ebe3a8bf773a19edfe0a84b6585ba3d401b724d"
            },
            "dist": {
                "type": "zip",
                "url": "https://api.github.com/repos/php-fig/log/zipball/4ebe3a8bf773a19edfe0a84b6585ba3d401b724d",
                "reference": "4ebe3a8bf773a19edfe0a84b6585ba3d401b724d",
                "shasum": ""
            },
            "require": {
                "php": ">=5.3.0"
            },
            "type": "library",
            "extra": {
                "branch-alias": {
                    "dev-master": "1.0.x-dev"
                }
            },
            "autoload": {
                "psr-4": {
                    "Psr\\Log\\": "Psr/Log/"
                }
            },
            "notification-url": "https://packagist.org/downloads/",
            "license": [
                "MIT"
            ],
            "authors": [
                {
                    "name": "PHP-FIG",
                    "homepage": "http://www.php-fig.org/"
                }
            ],
            "description": "Common interface for logging libraries",
            "homepage": "https://github.com/php-fig/log",
            "keywords": [
                "log",
                "psr",
                "psr-3"
            ],
            "time": "2016-10-10T12:19:37+00:00"
        },
        {
            "name": "symfony/console",
            "version": "v4.0.3",
            "source": {
                "type": "git",
                "url": "https://github.com/symfony/console.git",
                "reference": "fe0e69d7162cba0885791cf7eea5f0d7bc0f897e"
            },
            "dist": {
                "type": "zip",
                "url": "https://api.github.com/repos/symfony/console/zipball/fe0e69d7162cba0885791cf7eea5f0d7bc0f897e",
                "reference": "fe0e69d7162cba0885791cf7eea5f0d7bc0f897e",
                "shasum": ""
            },
            "require": {
                "php": "^7.1.3",
                "symfony/polyfill-mbstring": "~1.0"
            },
            "conflict": {
                "symfony/dependency-injection": "<3.4",
                "symfony/process": "<3.3"
            },
            "require-dev": {
                "psr/log": "~1.0",
                "symfony/config": "~3.4|~4.0",
                "symfony/dependency-injection": "~3.4|~4.0",
                "symfony/event-dispatcher": "~3.4|~4.0",
                "symfony/lock": "~3.4|~4.0",
                "symfony/process": "~3.4|~4.0"
            },
            "suggest": {
                "psr/log": "For using the console logger",
                "symfony/event-dispatcher": "",
                "symfony/lock": "",
                "symfony/process": ""
            },
            "type": "library",
            "extra": {
                "branch-alias": {
                    "dev-master": "4.0-dev"
                }
            },
            "autoload": {
                "psr-4": {
                    "Symfony\\Component\\Console\\": ""
                },
                "exclude-from-classmap": [
                    "/Tests/"
                ]
            },
            "notification-url": "https://packagist.org/downloads/",
            "license": [
                "MIT"
            ],
            "authors": [
                {
                    "name": "Fabien Potencier",
                    "email": "fabien@symfony.com"
                },
                {
                    "name": "Symfony Community",
                    "homepage": "https://symfony.com/contributors"
                }
            ],
            "description": "Symfony Console Component",
            "homepage": "https://symfony.com",
            "time": "2018-01-03T07:38:00+00:00"
        },
        {
            "name": "symfony/finder",
            "version": "v4.0.3",
            "source": {
                "type": "git",
                "url": "https://github.com/symfony/finder.git",
                "reference": "8b08180f2b7ccb41062366b9ad91fbc4f1af8601"
            },
            "dist": {
                "type": "zip",
                "url": "https://api.github.com/repos/symfony/finder/zipball/8b08180f2b7ccb41062366b9ad91fbc4f1af8601",
                "reference": "8b08180f2b7ccb41062366b9ad91fbc4f1af8601",
                "shasum": ""
            },
            "require": {
                "php": "^7.1.3"
            },
            "type": "library",
            "extra": {
                "branch-alias": {
                    "dev-master": "4.0-dev"
                }
            },
            "autoload": {
                "psr-4": {
                    "Symfony\\Component\\Finder\\": ""
                },
                "exclude-from-classmap": [
                    "/Tests/"
                ]
            },
            "notification-url": "https://packagist.org/downloads/",
            "license": [
                "MIT"
            ],
            "authors": [
                {
                    "name": "Fabien Potencier",
                    "email": "fabien@symfony.com"
                },
                {
                    "name": "Symfony Community",
                    "homepage": "https://symfony.com/contributors"
                }
            ],
            "description": "Symfony Finder Component",
            "homepage": "https://symfony.com",
            "time": "2018-01-03T07:38:00+00:00"
        },
        {
            "name": "symfony/polyfill-mbstring",
            "version": "v1.6.0",
            "source": {
                "type": "git",
                "url": "https://github.com/symfony/polyfill-mbstring.git",
                "reference": "2ec8b39c38cb16674bbf3fea2b6ce5bf117e1296"
            },
            "dist": {
                "type": "zip",
                "url": "https://api.github.com/repos/symfony/polyfill-mbstring/zipball/2ec8b39c38cb16674bbf3fea2b6ce5bf117e1296",
                "reference": "2ec8b39c38cb16674bbf3fea2b6ce5bf117e1296",
                "shasum": ""
            },
            "require": {
                "php": ">=5.3.3"
            },
            "suggest": {
                "ext-mbstring": "For best performance"
            },
            "type": "library",
            "extra": {
                "branch-alias": {
                    "dev-master": "1.6-dev"
                }
            },
            "autoload": {
                "psr-4": {
                    "Symfony\\Polyfill\\Mbstring\\": ""
                },
                "files": [
                    "bootstrap.php"
                ]
            },
            "notification-url": "https://packagist.org/downloads/",
            "license": [
                "MIT"
            ],
            "authors": [
                {
                    "name": "Nicolas Grekas",
                    "email": "p@tchwork.com"
                },
                {
                    "name": "Symfony Community",
                    "homepage": "https://symfony.com/contributors"
                }
            ],
            "description": "Symfony polyfill for the Mbstring extension",
            "homepage": "https://symfony.com",
            "keywords": [
                "compatibility",
                "mbstring",
                "polyfill",
                "portable",
                "shim"
            ],
            "time": "2017-10-11T12:05:26+00:00"
        },
        {
            "name": "symfony/yaml",
            "version": "v4.0.3",
            "source": {
                "type": "git",
                "url": "https://github.com/symfony/yaml.git",
                "reference": "b84f646b9490d2101e2c25ddeec77ceefbda2eee"
            },
            "dist": {
                "type": "zip",
                "url": "https://api.github.com/repos/symfony/yaml/zipball/b84f646b9490d2101e2c25ddeec77ceefbda2eee",
                "reference": "b84f646b9490d2101e2c25ddeec77ceefbda2eee",
                "shasum": ""
            },
            "require": {
                "php": "^7.1.3"
            },
            "conflict": {
                "symfony/console": "<3.4"
            },
            "require-dev": {
                "symfony/console": "~3.4|~4.0"
            },
            "suggest": {
                "symfony/console": "For validating YAML files using the lint command"
            },
            "type": "library",
            "extra": {
                "branch-alias": {
                    "dev-master": "4.0-dev"
                }
            },
            "autoload": {
                "psr-4": {
                    "Symfony\\Component\\Yaml\\": ""
                },
                "exclude-from-classmap": [
                    "/Tests/"
                ]
            },
            "notification-url": "https://packagist.org/downloads/",
            "license": [
                "MIT"
            ],
            "authors": [
                {
                    "name": "Fabien Potencier",
                    "email": "fabien@symfony.com"
                },
                {
                    "name": "Symfony Community",
                    "homepage": "https://symfony.com/contributors"
                }
            ],
            "description": "Symfony Yaml Component",
            "homepage": "https://symfony.com",
            "time": "2018-01-03T07:38:00+00:00"
        }
    ],
    "packages-dev": [
        {
            "name": "maslosoft/hedron",
            "version": "1.1.17",
            "source": {
                "type": "git",
                "url": "https://github.com/Maslosoft/Hedron.git",
                "reference": "c1188009485a9d43bc346c7685a74a9e0b836f77"
            },
            "dist": {
                "type": "zip",
                "url": "https://api.github.com/repos/Maslosoft/Hedron/zipball/c1188009485a9d43bc346c7685a74a9e0b836f77",
                "reference": "c1188009485a9d43bc346c7685a74a9e0b836f77",
                "shasum": ""
            },
            "require": {
                "maslosoft/addendum": "*",
                "maslosoft/cli-shared": "*",
                "symfony/console": ">=2.7 <5.0",
                "symfony/finder": ">=2.7 <5.0",
                "symfony/yaml": ">=2.7 <5.0",
                "zordius/lightncandy": "^1"
            },
            "bin": [
                "hedron"
            ],
            "type": "library",
            "autoload": {
                "psr-4": {
                    "Maslosoft\\Hedron\\": "src/"
                }
            },
            "notification-url": "https://packagist.org/downloads/",
            "license": [
                "AGPL",
                "Commercial"
            ],
            "authors": [
                {
                    "name": "Peter Maselkowski",
                    "email": "pmaselkowski@gmail.com"
                }
            ],
            "description": "PHP source code class header applier",
            "homepage": "https://maslosoft.com/hedron/",
            "time": "2017-12-19T10:31:09+00:00"
        },
        {
            "name": "zordius/lightncandy",
            "version": "v1.2.1",
            "source": {
                "type": "git",
                "url": "https://github.com/zordius/lightncandy.git",
                "reference": "f96eb18212a0b4e04360b84323f3e8f23fd018c7"
            },
            "dist": {
                "type": "zip",
                "url": "https://api.github.com/repos/zordius/lightncandy/zipball/f96eb18212a0b4e04360b84323f3e8f23fd018c7",
                "reference": "f96eb18212a0b4e04360b84323f3e8f23fd018c7",
                "shasum": ""
            },
            "require": {
                "php": ">=5.4.0"
            },
            "require-dev": {
                "phpunit/phpunit": "4.8.35"
            },
            "type": "library",
            "extra": {
                "branch-alias": {
                    "dev-master": "1.1.1-dev"
                }
            },
            "autoload": {
                "psr-4": {
                    "LightnCandy\\": "src"
                }
            },
            "notification-url": "https://packagist.org/downloads/",
            "license": [
                "MIT"
            ],
            "authors": [
                {
                    "name": "Zordius Chen",
                    "email": "zordius@gmail.com"
                }
            ],
            "description": "An extremely fast PHP implementation of handlebars ( http://handlebarsjs.com/ ) and mustache ( http://mustache.github.io/ ).",
            "homepage": "https://github.com/zordius/lightncandy",
            "keywords": [
                "handlebars",
                "logicless",
                "mustache",
                "php",
                "template"
            ],
            "time": "2017-10-13T08:42:32+00:00"
        }
    ],
    "aliases": [],
    "minimum-stability": "stable",
    "stability-flags": [],
    "prefer-stable": false,
    "prefer-lowest": false,
    "platform": [],
    "platform-dev": []
}
