{
    "_readme": [
        "This file locks the dependencies of your project to a known state",
        "Read more about it at https://getcomposer.org/doc/01-basic-usage.md#installing-dependencies",
        "This file is @generated automatically"
    ],
    "content-hash": "db97388f01bfb176461e96b44085a3c6",
    "packages": [
        {
            "name": "alcaeus/mongo-php-adapter",
            "version": "1.1.9",
            "source": {
                "type": "git",
                "url": "https://github.com/alcaeus/mongo-php-adapter.git",
                "reference": "93b81ebef1b3a4d3ceb72f13a35057fe08a5048f"
            },
            "dist": {
                "type": "zip",
                "url": "https://api.github.com/repos/alcaeus/mongo-php-adapter/zipball/93b81ebef1b3a4d3ceb72f13a35057fe08a5048f",
                "reference": "93b81ebef1b3a4d3ceb72f13a35057fe08a5048f",
                "shasum": ""
            },
            "require": {
                "ext-ctype": "*",
                "ext-hash": "*",
                "ext-mongodb": "^1.2.0",
                "mongodb/mongodb": "^1.0.1",
                "php": "^5.6 || ^7.0"
            },
            "provide": {
                "ext-mongo": "1.6.14"
            },
            "require-dev": {
                "phpunit/phpunit": "^5.7.27 || ^6.0 || ^7.0",
                "squizlabs/php_codesniffer": "^3.2"
            },
            "type": "library",
            "extra": {
                "branch-alias": {
                    "dev-master": "1.1.x-dev"
                }
            },
            "autoload": {
                "psr-0": {
                    "Mongo": "lib/Mongo"
                },
                "psr-4": {
                    "Alcaeus\\MongoDbAdapter\\": "lib/Alcaeus/MongoDbAdapter"
                },
                "files": [
                    "lib/Mongo/functions.php"
                ]
            },
            "notification-url": "https://packagist.org/downloads/",
            "license": [
                "MIT"
            ],
            "authors": [
                {
                    "name": "alcaeus",
                    "email": "alcaeus@alcaeus.org"
                },
                {
                    "name": "Olivier Lechevalier",
                    "email": "olivier.lechevalier@gmail.com"
                }
            ],
            "description": "Adapter to provide ext-mongo interface on top of mongo-php-libary",
            "keywords": [
                "database",
                "mongodb"
            ],
            "time": "2019-08-07T05:52:28+00:00"
        },
        {
            "name": "maslosoft/addendum",
            "version": "6.0.2",
            "source": {
                "type": "git",
                "url": "https://github.com/Maslosoft/Addendum.git",
                "reference": "8bc37cd173c2d8d61573fd67545610b73a25a719"
            },
            "dist": {
                "type": "zip",
                "url": "https://api.github.com/repos/Maslosoft/Addendum/zipball/8bc37cd173c2d8d61573fd67545610b73a25a719",
                "reference": "8bc37cd173c2d8d61573fd67545610b73a25a719",
                "shasum": ""
            },
            "require": {
                "maslosoft/cache": "*",
                "maslosoft/cli-shared": "*",
                "maslosoft/embedi": "*",
                "maslosoft/gazebo": "*",
                "maslosoft/signals": "*",
                "php": ">=7.1",
                "psr/log": "~1"
            },
            "require-dev": {
                "codeception/codeception": "^3",
                "codeception/specify": "^0",
                "maslosoft/hedron": "*",
                "maslosoft/zamm": "*",
                "phpunit/phpunit": "^7.0"
            },
            "suggest": {
                "monolog/monolog": "Sends your logs to files, sockets, inboxes, databases and various web services"
            },
            "type": "library",
            "autoload": {
                "psr-4": {
                    "Maslosoft\\Addendum\\": "src"
                }
            },
            "notification-url": "https://packagist.org/downloads/",
            "license": [
                "AGPL-3.0-only",
                "proprietary"
            ],
            "authors": [
                {
                    "name": "Peter Maselkowski",
                    "email": "peter@maslosoft.com",
                    "homepage": "https://maslosoft.com",
                    "role": "Developer"
                }
            ],
            "description": "Powerful and easy to use PHP annotations",
            "homepage": "https://maslosoft.com/addendum/",
            "keywords": [
                "addendum",
                "annotation",
                "annotations",
                "metadata",
                "php"
            ],
            "time": "2019-06-28T15:44:55+00:00"
        },
        {
            "name": "maslosoft/cache",
            "version": "1.0.11",
            "source": {
                "type": "git",
                "url": "https://github.com/Maslosoft/Cache.git",
                "reference": "2a6d57710a99a1ffa2e252314a10e3237bb609a2"
            },
            "dist": {
                "type": "zip",
                "url": "https://api.github.com/repos/Maslosoft/Cache/zipball/2a6d57710a99a1ffa2e252314a10e3237bb609a2",
                "reference": "2a6d57710a99a1ffa2e252314a10e3237bb609a2",
                "shasum": ""
            },
            "require": {
                "maslosoft/embedi": "*"
            },
            "require-dev": {
                "maslosoft/cachetest": "dev-master",
                "maslosoft/hedron": "^1"
            },
            "type": "library",
            "autoload": {
                "psr-4": {
                    "Maslosoft\\Cache\\": "src"
                }
            },
            "notification-url": "https://packagist.org/downloads/",
            "license": [
                "AGPL",
                "Commercial"
            ],
            "authors": [
                {
                    "name": "Peter Maselkowski",
                    "email": "pmaselkowski@gmail.com"
                }
            ],
            "description": "Easy to use, auto configurable, extensible cache provider",
            "homepage": "https://maslosoft.com/cache/",
            "time": "2017-11-19T22:25:52+00:00"
        },
        {
            "name": "maslosoft/cli-shared",
            "version": "1.0.3",
            "source": {
                "type": "git",
                "url": "https://github.com/Maslosoft/CLIShared.git",
                "reference": "1f9f1ba8c592351de52bee67b3903f73f502d45e"
            },
            "dist": {
                "type": "zip",
                "url": "https://api.github.com/repos/Maslosoft/CLIShared/zipball/1f9f1ba8c592351de52bee67b3903f73f502d45e",
                "reference": "1f9f1ba8c592351de52bee67b3903f73f502d45e",
                "shasum": ""
            },
            "require": {
                "psr/log": "^1",
                "symfony/finder": ">=2.7 <5.0",
                "symfony/yaml": ">=2.7 <5.0"
            },
            "require-dev": {
                "maslosoft/hedron": "*",
                "maslosoft/zamm": "*"
            },
            "type": "library",
            "autoload": {
                "psr-4": {
                    "Maslosoft\\Cli\\Shared\\": "src"
                }
            },
            "notification-url": "https://packagist.org/downloads/",
            "license": [
                "AGPL-3.0-only",
                "proprietary"
            ],
            "authors": [
                {
                    "name": "Peter Maselkowski",
                    "email": "pmaselkowski@gmail.com"
                }
            ],
            "description": "Shared CLI application components",
            "keywords": [
                "cli",
                "command-line",
                "helpers",
                "php"
            ],
            "time": "2019-07-05T15:27:26+00:00"
        },
        {
            "name": "maslosoft/embedi",
            "version": "1.1.1",
            "source": {
                "type": "git",
                "url": "https://github.com/Maslosoft/EmbeDi.git",
                "reference": "093bf25421887f4e33280cea2a14cc8fc9dc85fb"
            },
            "dist": {
                "type": "zip",
                "url": "https://api.github.com/repos/Maslosoft/EmbeDi/zipball/093bf25421887f4e33280cea2a14cc8fc9dc85fb",
                "reference": "093bf25421887f4e33280cea2a14cc8fc9dc85fb",
                "shasum": ""
            },
            "require-dev": {
                "maslosoft/embeditest": "dev-master",
                "maslosoft/hedron": "~1",
                "maslosoft/zamm": "dev-master"
            },
            "type": "library",
            "autoload": {
                "psr-4": {
                    "Maslosoft\\EmbeDi\\": "src/"
                }
            },
            "notification-url": "https://packagist.org/downloads/",
            "license": [
                "AGPL",
                "Commercial"
            ],
            "authors": [
                {
                    "name": "Peter Maselkowski",
                    "email": "pmaselkowski@gmail.com",
                    "homepage": "http://maslosoft.com",
                    "role": "Developer"
                }
            ],
            "description": "Embedded DI container",
            "homepage": "https://maslosoft.com/embedi/",
            "time": "2017-05-11T11:25:33+00:00"
        },
        {
            "name": "maslosoft/gazebo",
            "version": "1.1.10",
            "source": {
                "type": "git",
                "url": "https://github.com/Maslosoft/Gazebo.git",
                "reference": "52fac115f308d5f6598b0a51514c86d5e2cb249c"
            },
            "dist": {
                "type": "zip",
                "url": "https://api.github.com/repos/Maslosoft/Gazebo/zipball/52fac115f308d5f6598b0a51514c86d5e2cb249c",
                "reference": "52fac115f308d5f6598b0a51514c86d5e2cb249c",
                "shasum": ""
            },
            "require": {
                "maslosoft/addendum": "*",
                "maslosoft/embedi": "*"
            },
            "require-dev": {
                "maslosoft/gazebotest": "dev-master",
                "maslosoft/hedron": "*"
            },
            "type": "library",
            "autoload": {
                "psr-4": {
                    "Maslosoft\\Gazebo\\": "src"
                }
            },
            "notification-url": "https://packagist.org/downloads/",
            "license": [
                "AGPL",
                "Commercial"
            ],
            "authors": [
                {
                    "name": "Peter Maselkowski",
                    "email": "pmaselkowski@gmail.com"
                }
            ],
            "description": "Plugin container",
            "homepage": "https://maslosoft.com/gazebo/",
            "time": "2017-04-06T21:08:56+00:00"
        },
        {
            "name": "maslosoft/mangan",
            "version": "5.0.18",
            "source": {
                "type": "git",
                "url": "https://github.com/Maslosoft/Mangan.git",
                "reference": "796e6360ad565a3b25cc8eda0529f6cc34b789b5"
            },
            "dist": {
                "type": "zip",
                "url": "https://api.github.com/repos/Maslosoft/Mangan/zipball/796e6360ad565a3b25cc8eda0529f6cc34b789b5",
                "reference": "796e6360ad565a3b25cc8eda0529f6cc34b789b5",
                "shasum": ""
            },
            "require": {
                "alcaeus/mongo-php-adapter": "^1.1",
                "ext-gd": "*",
                "ext-json": "*",
                "maslosoft/addendum": "*",
                "maslosoft/cli-shared": "*",
                "maslosoft/embedi": "*",
                "maslosoft/gazebo": "*",
                "maslosoft/signals": "*",
                "masterexploder/phpthumb": "^2",
                "psr/log": "^1",
                "symfony/yaml": ">=2.7 <5.0"
            },
            "require-dev": {
                "codeception/codeception": "^3",
                "codeception/specify": "*",
                "ext-curl": "*",
                "maslosoft/hedron": "*",
                "maslosoft/mangan-examples": "*",
                "maslosoft/miniview": "*",
                "maslosoft/zamm": "*"
            },
            "suggest": {
                "endroid/qrcode": "Generate QR Codes",
                "khanamiryan/qrcode-detector-decoder": "Decode QR Codes",
                "monolog/monolog": "Sends your logs to files, sockets, inboxes, databases and various web services",
                "ptachoire/php-dmtx": "Generate DataMatrix Codes"
            },
            "type": "library",
            "autoload": {
                "psr-4": {
                    "Maslosoft\\Mangan\\": "src/"
                }
            },
            "notification-url": "https://packagist.org/downloads/",
            "license": [
                "AGPL-3.0-only",
                "proprietary"
            ],
            "authors": [
                {
                    "name": "Peter Maselkowski",
                    "email": "peter@maslosoft.com",
                    "homepage": "https://maslosoft.com",
                    "role": "Developer"
                },
                {
                    "name": "Ianaré Sévi",
                    "role": "Developer"
                },
                {
                    "name": "Dariusz Górecki",
                    "email": "darek.krk@gmail.com",
                    "role": "Developer"
                },
                {
                    "name": "Invenzzia Group",
                    "homepage": "http://www.invenzzia.org",
                    "role": "Developer"
                },
                {
                    "name": "Philippe Gaultier",
                    "email": "pgaultier@ibitux.com",
                    "role": "Developer"
                },
                {
                    "name": "Ibitux",
                    "homepage": "http://www.ibitux.com",
                    "role": "Developer"
                },
                {
                    "name": "CleverIT",
                    "homepage": "http://www.cleverit.com.pl",
                    "role": "Developrt"
                },
                {
                    "name": "Florian Fackler",
                    "email": "florian.fackler@mintao.com",
                    "homepage": "http://mintao.com"
                }
            ],
            "description": "MongoDB Object Document Mapper (ODM)",
            "homepage": "https://maslosoft.com/mangan/",
            "keywords": [
                "database",
                "mangan",
                "mongodb",
                "odm",
                "orm",
                "persister",
                "php"
            ],
            "time": "2019-11-04T07:34:46+00:00"
        },
        {
            "name": "maslosoft/signals",
            "version": "3.0.1",
            "source": {
                "type": "git",
                "url": "https://github.com/Maslosoft/Signals.git",
                "reference": "40bf9ad38de84bdba159f6311850bb25dfef5ab6"
            },
            "dist": {
                "type": "zip",
                "url": "https://api.github.com/repos/Maslosoft/Signals/zipball/40bf9ad38de84bdba159f6311850bb25dfef5ab6",
                "reference": "40bf9ad38de84bdba159f6311850bb25dfef5ab6",
                "shasum": ""
            },
            "require": {
                "maslosoft/addendum": "*",
                "maslosoft/cli-shared": "*",
                "maslosoft/embedi": "*",
                "php": ">=7",
                "psr/log": "^1",
                "symfony/console": ">=2.7 <5.0"
            },
            "require-dev": {
                "codeception/codeception": "*",
                "codeception/specify": "*",
                "maslosoft/hedron": "*",
                "maslosoft/sitcom": "*",
                "maslosoft/zamm": "*"
            },
            "bin": [
                "signals"
            ],
            "type": "library",
            "autoload": {
                "psr-4": {
                    "Maslosoft\\Signals\\": "src",
                    "Maslosoft\\SignalsExamples\\": "examples",
                    "Maslosoft\\SignalsTest\\Extensions\\": "tests/extensions"
                }
            },
            "notification-url": "https://packagist.org/downloads/",
            "license": [
                "AGPL-3.0-only",
                "proprietary"
            ],
            "authors": [
                {
                    "name": "Peter Maselkowski",
                    "email": "pmaselkowski@gmail.com",
                    "homepage": "http://maslosoft.com",
                    "role": "Developer"
                }
            ],
            "description": "Wireless Cross-Component Communication",
            "homepage": "https://maslosoft.com/signals/",
            "keywords": [
                "event",
                "events",
                "signal",
                "signals",
                "slot",
                "slots"
            ],
            "time": "2019-06-03T17:35:45+00:00"
        },
        {
            "name": "masterexploder/phpthumb",
            "version": "2.1",
            "source": {
                "type": "git",
                "url": "https://github.com/masterexploder/PHPThumb.git",
                "reference": "01f6aa65aa3d136e175f67da2b4ea3e316770d02"
            },
            "dist": {
                "type": "zip",
                "url": "https://api.github.com/repos/masterexploder/PHPThumb/zipball/01f6aa65aa3d136e175f67da2b4ea3e316770d02",
                "reference": "01f6aa65aa3d136e175f67da2b4ea3e316770d02",
                "shasum": ""
            },
            "require": {
                "php": ">=5.3.0"
            },
            "type": "library",
            "autoload": {
                "psr-0": {
                    "PHPThumb": "src",
                    "PHPThumb\\Tests": "tests"
                }
            },
            "notification-url": "https://packagist.org/downloads/",
            "license": [
                "MIT"
            ],
            "authors": [
                {
                    "name": "Jarrod Nettles",
                    "email": "jarrod.nettles@icloud.com"
                },
                {
                    "name": "Ian Selby",
                    "email": "ian@gxdlabs.com"
                }
            ],
            "description": "A library for manipulating images in PHP.",
            "homepage": "https://github.com/masterexploder/PHPThumb",
            "keywords": [
                "image",
                "resize",
                "rotate"
            ],
            "time": "2015-09-08T22:55:44+00:00"
        },
        {
            "name": "mongodb/mongodb",
            "version": "1.4.3",
            "source": {
                "type": "git",
                "url": "https://github.com/mongodb/mongo-php-library.git",
                "reference": "18fca8cc8d0c2cc07f76605760d20632bb3dab96"
            },
            "dist": {
                "type": "zip",
                "url": "https://api.github.com/repos/mongodb/mongo-php-library/zipball/18fca8cc8d0c2cc07f76605760d20632bb3dab96",
                "reference": "18fca8cc8d0c2cc07f76605760d20632bb3dab96",
                "shasum": ""
            },
            "require": {
                "ext-hash": "*",
                "ext-json": "*",
                "ext-mongodb": "^1.5.0",
                "php": ">=5.5"
            },
            "require-dev": {
                "phpunit/phpunit": "^4.8.36 || ^6.4"
            },
            "type": "library",
            "autoload": {
                "psr-4": {
                    "MongoDB\\": "src/"
                },
                "files": [
                    "src/functions.php"
                ]
            },
            "notification-url": "https://packagist.org/downloads/",
            "license": [
                "Apache-2.0"
            ],
            "authors": [
                {
                    "name": "Jeremy Mikola",
                    "email": "jmikola@gmail.com"
                },
                {
                    "name": "Derick Rethans",
                    "email": "github@derickrethans.nl"
                },
                {
                    "name": "Katherine Walker",
                    "email": "katherine.walker@mongodb.com"
                }
            ],
            "description": "MongoDB driver library",
            "homepage": "https://jira.mongodb.org/browse/PHPLIB",
            "keywords": [
                "database",
                "driver",
                "mongodb",
                "persistence"
            ],
            "time": "2019-07-02T18:04:14+00:00"
        },
        {
            "name": "psr/container",
            "version": "1.0.0",
            "source": {
                "type": "git",
                "url": "https://github.com/php-fig/container.git",
                "reference": "b7ce3b176482dbbc1245ebf52b181af44c2cf55f"
            },
            "dist": {
                "type": "zip",
                "url": "https://api.github.com/repos/php-fig/container/zipball/b7ce3b176482dbbc1245ebf52b181af44c2cf55f",
                "reference": "b7ce3b176482dbbc1245ebf52b181af44c2cf55f",
                "shasum": ""
            },
            "require": {
                "php": ">=5.3.0"
            },
            "type": "library",
            "extra": {
                "branch-alias": {
                    "dev-master": "1.0.x-dev"
                }
            },
            "autoload": {
                "psr-4": {
                    "Psr\\Container\\": "src/"
                }
            },
            "notification-url": "https://packagist.org/downloads/",
            "license": [
                "MIT"
            ],
            "authors": [
                {
                    "name": "PHP-FIG",
                    "homepage": "http://www.php-fig.org/"
                }
            ],
            "description": "Common Container Interface (PHP FIG PSR-11)",
            "homepage": "https://github.com/php-fig/container",
            "keywords": [
                "PSR-11",
                "container",
                "container-interface",
                "container-interop",
                "psr"
            ],
            "time": "2017-02-14T16:28:37+00:00"
        },
        {
            "name": "psr/log",
            "version": "1.1.2",
            "source": {
                "type": "git",
                "url": "https://github.com/php-fig/log.git",
                "reference": "446d54b4cb6bf489fc9d75f55843658e6f25d801"
            },
            "dist": {
                "type": "zip",
                "url": "https://api.github.com/repos/php-fig/log/zipball/446d54b4cb6bf489fc9d75f55843658e6f25d801",
                "reference": "446d54b4cb6bf489fc9d75f55843658e6f25d801",
                "shasum": ""
            },
            "require": {
                "php": ">=5.3.0"
            },
            "type": "library",
            "extra": {
                "branch-alias": {
                    "dev-master": "1.1.x-dev"
                }
            },
            "autoload": {
                "psr-4": {
                    "Psr\\Log\\": "Psr/Log/"
                }
            },
            "notification-url": "https://packagist.org/downloads/",
            "license": [
                "MIT"
            ],
            "authors": [
                {
                    "name": "PHP-FIG",
                    "homepage": "http://www.php-fig.org/"
                }
            ],
            "description": "Common interface for logging libraries",
            "homepage": "https://github.com/php-fig/log",
            "keywords": [
                "log",
                "psr",
                "psr-3"
            ],
            "time": "2019-11-01T11:05:21+00:00"
        },
        {
            "name": "symfony/console",
            "version": "v4.3.6",
            "source": {
                "type": "git",
                "url": "https://github.com/symfony/console.git",
                "reference": "136c4bd62ea871d00843d1bc0316de4c4a84bb78"
            },
            "dist": {
                "type": "zip",
                "url": "https://api.github.com/repos/symfony/console/zipball/136c4bd62ea871d00843d1bc0316de4c4a84bb78",
                "reference": "136c4bd62ea871d00843d1bc0316de4c4a84bb78",
                "shasum": ""
            },
            "require": {
                "php": "^7.1.3",
                "symfony/polyfill-mbstring": "~1.0",
                "symfony/polyfill-php73": "^1.8",
                "symfony/service-contracts": "^1.1"
            },
            "conflict": {
                "symfony/dependency-injection": "<3.4",
                "symfony/event-dispatcher": "<4.3",
                "symfony/process": "<3.3"
            },
            "provide": {
                "psr/log-implementation": "1.0"
            },
            "require-dev": {
                "psr/log": "~1.0",
                "symfony/config": "~3.4|~4.0",
                "symfony/dependency-injection": "~3.4|~4.0",
                "symfony/event-dispatcher": "^4.3",
                "symfony/lock": "~3.4|~4.0",
                "symfony/process": "~3.4|~4.0",
                "symfony/var-dumper": "^4.3"
            },
            "suggest": {
                "psr/log": "For using the console logger",
                "symfony/event-dispatcher": "",
                "symfony/lock": "",
                "symfony/process": ""
            },
            "type": "library",
            "extra": {
                "branch-alias": {
                    "dev-master": "4.3-dev"
                }
            },
            "autoload": {
                "psr-4": {
                    "Symfony\\Component\\Console\\": ""
                },
                "exclude-from-classmap": [
                    "/Tests/"
                ]
            },
            "notification-url": "https://packagist.org/downloads/",
            "license": [
                "MIT"
            ],
            "authors": [
                {
                    "name": "Fabien Potencier",
                    "email": "fabien@symfony.com"
                },
                {
                    "name": "Symfony Community",
                    "homepage": "https://symfony.com/contributors"
                }
            ],
            "description": "Symfony Console Component",
            "homepage": "https://symfony.com",
            "time": "2019-10-30T12:58:49+00:00"
        },
        {
            "name": "symfony/finder",
            "version": "v4.3.6",
            "source": {
                "type": "git",
                "url": "https://github.com/symfony/finder.git",
                "reference": "72a068f77e317ae77c0a0495236ad292cfb5ce6f"
            },
            "dist": {
                "type": "zip",
                "url": "https://api.github.com/repos/symfony/finder/zipball/72a068f77e317ae77c0a0495236ad292cfb5ce6f",
                "reference": "72a068f77e317ae77c0a0495236ad292cfb5ce6f",
                "shasum": ""
            },
            "require": {
                "php": "^7.1.3"
            },
            "type": "library",
            "extra": {
                "branch-alias": {
                    "dev-master": "4.3-dev"
                }
            },
            "autoload": {
                "psr-4": {
                    "Symfony\\Component\\Finder\\": ""
                },
                "exclude-from-classmap": [
                    "/Tests/"
                ]
            },
            "notification-url": "https://packagist.org/downloads/",
            "license": [
                "MIT"
            ],
            "authors": [
                {
                    "name": "Fabien Potencier",
                    "email": "fabien@symfony.com"
                },
                {
                    "name": "Symfony Community",
                    "homepage": "https://symfony.com/contributors"
                }
            ],
            "description": "Symfony Finder Component",
            "homepage": "https://symfony.com",
            "time": "2019-10-30T12:53:54+00:00"
        },
        {
            "name": "symfony/polyfill-ctype",
            "version": "v1.12.0",
            "source": {
                "type": "git",
                "url": "https://github.com/symfony/polyfill-ctype.git",
                "reference": "550ebaac289296ce228a706d0867afc34687e3f4"
            },
            "dist": {
                "type": "zip",
                "url": "https://api.github.com/repos/symfony/polyfill-ctype/zipball/550ebaac289296ce228a706d0867afc34687e3f4",
                "reference": "550ebaac289296ce228a706d0867afc34687e3f4",
                "shasum": ""
            },
            "require": {
                "php": ">=5.3.3"
            },
            "suggest": {
                "ext-ctype": "For best performance"
            },
            "type": "library",
            "extra": {
                "branch-alias": {
                    "dev-master": "1.12-dev"
                }
            },
            "autoload": {
                "psr-4": {
                    "Symfony\\Polyfill\\Ctype\\": ""
                },
                "files": [
                    "bootstrap.php"
                ]
            },
            "notification-url": "https://packagist.org/downloads/",
            "license": [
                "MIT"
            ],
            "authors": [
                {
                    "name": "Gert de Pagter",
                    "email": "BackEndTea@gmail.com"
                },
                {
                    "name": "Symfony Community",
                    "homepage": "https://symfony.com/contributors"
                }
            ],
            "description": "Symfony polyfill for ctype functions",
            "homepage": "https://symfony.com",
            "keywords": [
                "compatibility",
                "ctype",
                "polyfill",
                "portable"
            ],
            "time": "2019-08-06T08:03:45+00:00"
        },
        {
            "name": "symfony/polyfill-mbstring",
            "version": "v1.12.0",
            "source": {
                "type": "git",
                "url": "https://github.com/symfony/polyfill-mbstring.git",
                "reference": "b42a2f66e8f1b15ccf25652c3424265923eb4f17"
            },
            "dist": {
                "type": "zip",
                "url": "https://api.github.com/repos/symfony/polyfill-mbstring/zipball/b42a2f66e8f1b15ccf25652c3424265923eb4f17",
                "reference": "b42a2f66e8f1b15ccf25652c3424265923eb4f17",
                "shasum": ""
            },
            "require": {
                "php": ">=5.3.3"
            },
            "suggest": {
                "ext-mbstring": "For best performance"
            },
            "type": "library",
            "extra": {
                "branch-alias": {
                    "dev-master": "1.12-dev"
                }
            },
            "autoload": {
                "psr-4": {
                    "Symfony\\Polyfill\\Mbstring\\": ""
                },
                "files": [
                    "bootstrap.php"
                ]
            },
            "notification-url": "https://packagist.org/downloads/",
            "license": [
                "MIT"
            ],
            "authors": [
                {
                    "name": "Nicolas Grekas",
                    "email": "p@tchwork.com"
                },
                {
                    "name": "Symfony Community",
                    "homepage": "https://symfony.com/contributors"
                }
            ],
            "description": "Symfony polyfill for the Mbstring extension",
            "homepage": "https://symfony.com",
            "keywords": [
                "compatibility",
                "mbstring",
                "polyfill",
                "portable",
                "shim"
            ],
            "time": "2019-08-06T08:03:45+00:00"
        },
        {
            "name": "symfony/polyfill-php73",
            "version": "v1.12.0",
            "source": {
                "type": "git",
                "url": "https://github.com/symfony/polyfill-php73.git",
                "reference": "2ceb49eaccb9352bff54d22570276bb75ba4a188"
            },
            "dist": {
                "type": "zip",
                "url": "https://api.github.com/repos/symfony/polyfill-php73/zipball/2ceb49eaccb9352bff54d22570276bb75ba4a188",
                "reference": "2ceb49eaccb9352bff54d22570276bb75ba4a188",
                "shasum": ""
            },
            "require": {
                "php": ">=5.3.3"
            },
            "type": "library",
            "extra": {
                "branch-alias": {
                    "dev-master": "1.12-dev"
                }
            },
            "autoload": {
                "psr-4": {
                    "Symfony\\Polyfill\\Php73\\": ""
                },
                "files": [
                    "bootstrap.php"
                ],
                "classmap": [
                    "Resources/stubs"
                ]
            },
            "notification-url": "https://packagist.org/downloads/",
            "license": [
                "MIT"
            ],
            "authors": [
                {
                    "name": "Nicolas Grekas",
                    "email": "p@tchwork.com"
                },
                {
                    "name": "Symfony Community",
                    "homepage": "https://symfony.com/contributors"
                }
            ],
            "description": "Symfony polyfill backporting some PHP 7.3+ features to lower PHP versions",
            "homepage": "https://symfony.com",
            "keywords": [
                "compatibility",
                "polyfill",
                "portable",
                "shim"
            ],
            "time": "2019-08-06T08:03:45+00:00"
        },
        {
            "name": "symfony/service-contracts",
            "version": "v1.1.7",
            "source": {
                "type": "git",
                "url": "https://github.com/symfony/service-contracts.git",
                "reference": "ffcde9615dc5bb4825b9f6aed07716f1f57faae0"
            },
            "dist": {
                "type": "zip",
                "url": "https://api.github.com/repos/symfony/service-contracts/zipball/ffcde9615dc5bb4825b9f6aed07716f1f57faae0",
                "reference": "ffcde9615dc5bb4825b9f6aed07716f1f57faae0",
                "shasum": ""
            },
            "require": {
                "php": "^7.1.3",
                "psr/container": "^1.0"
            },
            "suggest": {
                "symfony/service-implementation": ""
            },
            "type": "library",
            "extra": {
                "branch-alias": {
                    "dev-master": "1.1-dev"
                }
            },
            "autoload": {
                "psr-4": {
                    "Symfony\\Contracts\\Service\\": ""
                }
            },
            "notification-url": "https://packagist.org/downloads/",
            "license": [
                "MIT"
            ],
            "authors": [
                {
                    "name": "Nicolas Grekas",
                    "email": "p@tchwork.com"
                },
                {
                    "name": "Symfony Community",
                    "homepage": "https://symfony.com/contributors"
                }
            ],
            "description": "Generic abstractions related to writing services",
            "homepage": "https://symfony.com",
            "keywords": [
                "abstractions",
                "contracts",
                "decoupling",
                "interfaces",
                "interoperability",
                "standards"
            ],
            "time": "2019-09-17T11:12:18+00:00"
        },
        {
            "name": "symfony/yaml",
            "version": "v4.3.6",
            "source": {
                "type": "git",
                "url": "https://github.com/symfony/yaml.git",
                "reference": "324cf4b19c345465fad14f3602050519e09e361d"
            },
            "dist": {
                "type": "zip",
                "url": "https://api.github.com/repos/symfony/yaml/zipball/324cf4b19c345465fad14f3602050519e09e361d",
                "reference": "324cf4b19c345465fad14f3602050519e09e361d",
                "shasum": ""
            },
            "require": {
                "php": "^7.1.3",
                "symfony/polyfill-ctype": "~1.8"
            },
            "conflict": {
                "symfony/console": "<3.4"
            },
            "require-dev": {
                "symfony/console": "~3.4|~4.0"
            },
            "suggest": {
                "symfony/console": "For validating YAML files using the lint command"
            },
            "type": "library",
            "extra": {
                "branch-alias": {
                    "dev-master": "4.3-dev"
                }
            },
            "autoload": {
                "psr-4": {
                    "Symfony\\Component\\Yaml\\": ""
                },
                "exclude-from-classmap": [
                    "/Tests/"
                ]
            },
            "notification-url": "https://packagist.org/downloads/",
            "license": [
                "MIT"
            ],
            "authors": [
                {
                    "name": "Fabien Potencier",
                    "email": "fabien@symfony.com"
                },
                {
                    "name": "Symfony Community",
                    "homepage": "https://symfony.com/contributors"
                }
            ],
            "description": "Symfony Yaml Component",
            "homepage": "https://symfony.com",
            "time": "2019-10-30T12:58:49+00:00"
        }
    ],
    "packages-dev": [
        {
            "name": "maslosoft/hedron",
            "version": "1.1.21",
            "source": {
                "type": "git",
                "url": "https://github.com/Maslosoft/Hedron.git",
                "reference": "6dc1767f67b2071e09e237bb28690ba9eadf3a62"
            },
            "dist": {
                "type": "zip",
                "url": "https://api.github.com/repos/Maslosoft/Hedron/zipball/6dc1767f67b2071e09e237bb28690ba9eadf3a62",
                "reference": "6dc1767f67b2071e09e237bb28690ba9eadf3a62",
                "shasum": ""
            },
            "require": {
                "ext-json": "*",
                "maslosoft/addendum": "*",
                "maslosoft/cli-shared": "*",
                "symfony/console": ">=2.7 <5.0",
                "symfony/finder": ">=2.7 <5.0",
                "symfony/yaml": ">=2.7 <5.0",
                "zordius/lightncandy": "^1"
            },
            "bin": [
                "hedron"
            ],
            "type": "library",
            "autoload": {
                "psr-4": {
                    "Maslosoft\\Hedron\\": "src/"
                }
            },
            "notification-url": "https://packagist.org/downloads/",
            "license": [
                "AGPL-3.0-only",
                "proprietary"
            ],
            "authors": [
                {
                    "name": "Peter Maselkowski",
                    "email": "pmaselkowski@gmail.com"
                }
            ],
            "description": "PHP source code class header applier",
            "homepage": "https://maslosoft.com/hedron/",
            "time": "2018-11-13T19:41:46+00:00"
        },
        {
            "name": "zordius/lightncandy",
            "version": "v1.2.4",
            "source": {
                "type": "git",
                "url": "https://github.com/zordius/lightncandy.git",
                "reference": "dfdb910ae7b59e274f1ff97d29b724871f01b4cc"
            },
            "dist": {
                "type": "zip",
                "url": "https://api.github.com/repos/zordius/lightncandy/zipball/dfdb910ae7b59e274f1ff97d29b724871f01b4cc",
                "reference": "dfdb910ae7b59e274f1ff97d29b724871f01b4cc",
                "shasum": ""
            },
            "require": {
                "php": ">=5.4.0"
            },
            "require-dev": {
                "phpunit/phpunit": "^7"
            },
            "type": "library",
            "extra": {
                "branch-alias": {
                    "dev-master": "1.2.5-dev"
                }
            },
            "autoload": {
                "psr-4": {
                    "LightnCandy\\": "src"
                }
            },
            "notification-url": "https://packagist.org/downloads/",
            "license": [
                "MIT"
            ],
            "authors": [
                {
                    "name": "Zordius Chen",
                    "email": "zordius@gmail.com"
                }
            ],
            "description": "An extremely fast PHP implementation of handlebars ( http://handlebarsjs.com/ ) and mustache ( http://mustache.github.io/ ).",
            "homepage": "https://github.com/zordius/lightncandy",
            "keywords": [
                "handlebars",
                "logicless",
                "mustache",
                "php",
                "template"
            ],
            "time": "2019-06-09T04:10:55+00:00"
        }
    ],
    "aliases": [],
    "minimum-stability": "stable",
    "stability-flags": [],
    "prefer-stable": false,
    "prefer-lowest": false,
    "platform": [],
    "platform-dev": []
}
